// !$*UTF8*$!
{
	archiveVersion = 1;
	classes = {
	};
	objectVersion = 56;
	objects = {

/* Begin PBXBuildFile section */
		B60FCABD2A73F95D009BC2B7 /* WeatherForecastSwiftUIApp.swift in Sources */ = {isa = PBXBuildFile; fileRef = B60FCABC2A73F95D009BC2B7 /* WeatherForecastSwiftUIApp.swift */; };
		B60FCABF2A73F95D009BC2B7 /* ContentView.swift in Sources */ = {isa = PBXBuildFile; fileRef = B60FCABE2A73F95D009BC2B7 /* ContentView.swift */; };
		B60FCAC12A73F967009BC2B7 /* Assets.xcassets in Resources */ = {isa = PBXBuildFile; fileRef = B60FCAC02A73F967009BC2B7 /* Assets.xcassets */; };
		B60FCAC42A73F967009BC2B7 /* Preview Assets.xcassets in Resources */ = {isa = PBXBuildFile; fileRef = B60FCAC32A73F967009BC2B7 /* Preview Assets.xcassets */; };
		B65413252A743B55008E44E3 /* API.swift in Sources */ = {isa = PBXBuildFile; fileRef = B65413242A743B55008E44E3 /* API.swift */; };
		B65413272A743B64008E44E3 /* APIClient.swift in Sources */ = {isa = PBXBuildFile; fileRef = B65413262A743B64008E44E3 /* APIClient.swift */; };
		B65413292A743D60008E44E3 /* WeatherModel.swift in Sources */ = {isa = PBXBuildFile; fileRef = B65413282A743D60008E44E3 /* WeatherModel.swift */; };
		B654132C2A744601008E44E3 /* WeatherDataFormatter.swift in Sources */ = {isa = PBXBuildFile; fileRef = B654132B2A744601008E44E3 /* WeatherDataFormatter.swift */; };
		B65CEA492A74072500FF9CA5 /* Realm in Frameworks */ = {isa = PBXBuildFile; productRef = B65CEA482A74072500FF9CA5 /* Realm */; };
		B65CEA4B2A74072500FF9CA5 /* RealmSwift in Frameworks */ = {isa = PBXBuildFile; productRef = B65CEA4A2A74072500FF9CA5 /* RealmSwift */; };
		B664DCDF2A77F63D004D9373 /* RealmManager.swift in Sources */ = {isa = PBXBuildFile; fileRef = B664DCDE2A77F63D004D9373 /* RealmManager.swift */; };
		B664DCE22A77F6BC004D9373 /* City.swift in Sources */ = {isa = PBXBuildFile; fileRef = B664DCE12A77F6BC004D9373 /* City.swift */; };
		B686F71B2A7687D200A03D1E /* CitiesListView.swift in Sources */ = {isa = PBXBuildFile; fileRef = B686F71A2A7687D200A03D1E /* CitiesListView.swift */; };
		B686F71D2A76C63A00A03D1E /* NewCityView.swift in Sources */ = {isa = PBXBuildFile; fileRef = B686F71C2A76C63A00A03D1E /* NewCityView.swift */; };
		B6B6D38C2A76E07800C22102 /* CityModel.swift in Sources */ = {isa = PBXBuildFile; fileRef = B6B6D38B2A76E07800C22102 /* CityModel.swift */; };
		B6E540692A7AF970001DCD53 /* MainViewModel.swift in Sources */ = {isa = PBXBuildFile; fileRef = B6E540682A7AF970001DCD53 /* MainViewModel.swift */; };
		B6E5406B2A7AF980001DCD53 /* CitiesListViewModel.swift in Sources */ = {isa = PBXBuildFile; fileRef = B6E5406A2A7AF980001DCD53 /* CitiesListViewModel.swift */; };
		B6E5406D2A7AF991001DCD53 /* NewCityViewModel.swift in Sources */ = {isa = PBXBuildFile; fileRef = B6E5406C2A7AF991001DCD53 /* NewCityViewModel.swift */; };
/* End PBXBuildFile section */

/* Begin PBXFileReference section */
		B60FCAB92A73F95D009BC2B7 /* WeatherForecastSwiftUI.app */ = {isa = PBXFileReference; explicitFileType = wrapper.application; includeInIndex = 0; path = WeatherForecastSwiftUI.app; sourceTree = BUILT_PRODUCTS_DIR; };
		B60FCABC2A73F95D009BC2B7 /* WeatherForecastSwiftUIApp.swift */ = {isa = PBXFileReference; lastKnownFileType = sourcecode.swift; path = WeatherForecastSwiftUIApp.swift; sourceTree = "<group>"; };
		B60FCABE2A73F95D009BC2B7 /* ContentView.swift */ = {isa = PBXFileReference; lastKnownFileType = sourcecode.swift; path = ContentView.swift; sourceTree = "<group>"; };
		B60FCAC02A73F967009BC2B7 /* Assets.xcassets */ = {isa = PBXFileReference; lastKnownFileType = folder.assetcatalog; path = Assets.xcassets; sourceTree = "<group>"; };
		B60FCAC32A73F967009BC2B7 /* Preview Assets.xcassets */ = {isa = PBXFileReference; lastKnownFileType = folder.assetcatalog; path = "Preview Assets.xcassets"; sourceTree = "<group>"; };
		B65413242A743B55008E44E3 /* API.swift */ = {isa = PBXFileReference; lastKnownFileType = sourcecode.swift; path = API.swift; sourceTree = "<group>"; };
		B65413262A743B64008E44E3 /* APIClient.swift */ = {isa = PBXFileReference; lastKnownFileType = sourcecode.swift; path = APIClient.swift; sourceTree = "<group>"; };
		B65413282A743D60008E44E3 /* WeatherModel.swift */ = {isa = PBXFileReference; lastKnownFileType = sourcecode.swift; path = WeatherModel.swift; sourceTree = "<group>"; };
		B654132B2A744601008E44E3 /* WeatherDataFormatter.swift */ = {isa = PBXFileReference; lastKnownFileType = sourcecode.swift; path = WeatherDataFormatter.swift; sourceTree = "<group>"; };
		B664DCDE2A77F63D004D9373 /* RealmManager.swift */ = {isa = PBXFileReference; lastKnownFileType = sourcecode.swift; path = RealmManager.swift; sourceTree = "<group>"; };
		B664DCE12A77F6BC004D9373 /* City.swift */ = {isa = PBXFileReference; lastKnownFileType = sourcecode.swift; path = City.swift; sourceTree = "<group>"; };
		B686F71A2A7687D200A03D1E /* CitiesListView.swift */ = {isa = PBXFileReference; lastKnownFileType = sourcecode.swift; path = CitiesListView.swift; sourceTree = "<group>"; };
		B686F71C2A76C63A00A03D1E /* NewCityView.swift */ = {isa = PBXFileReference; lastKnownFileType = sourcecode.swift; path = NewCityView.swift; sourceTree = "<group>"; };
		B6B6D38B2A76E07800C22102 /* CityModel.swift */ = {isa = PBXFileReference; lastKnownFileType = sourcecode.swift; path = CityModel.swift; sourceTree = "<group>"; };
		B6E540682A7AF970001DCD53 /* MainViewModel.swift */ = {isa = PBXFileReference; lastKnownFileType = sourcecode.swift; path = MainViewModel.swift; sourceTree = "<group>"; };
		B6E5406A2A7AF980001DCD53 /* CitiesListViewModel.swift */ = {isa = PBXFileReference; lastKnownFileType = sourcecode.swift; path = CitiesListViewModel.swift; sourceTree = "<group>"; };
		B6E5406C2A7AF991001DCD53 /* NewCityViewModel.swift */ = {isa = PBXFileReference; lastKnownFileType = sourcecode.swift; path = NewCityViewModel.swift; sourceTree = "<group>"; };
/* End PBXFileReference section */

/* Begin PBXFrameworksBuildPhase section */
		B60FCAB62A73F95D009BC2B7 /* Frameworks */ = {
			isa = PBXFrameworksBuildPhase;
			buildActionMask = 2147483647;
			files = (
				B65CEA4B2A74072500FF9CA5 /* RealmSwift in Frameworks */,
				B65CEA492A74072500FF9CA5 /* Realm in Frameworks */,
			);
			runOnlyForDeploymentPostprocessing = 0;
		};
/* End PBXFrameworksBuildPhase section */

/* Begin PBXGroup section */
		B60FCAB02A73F95D009BC2B7 = {
			isa = PBXGroup;
			children = (
				B60FCABB2A73F95D009BC2B7 /* WeatherForecastSwiftUI */,
				B60FCABA2A73F95D009BC2B7 /* Products */,
			);
			sourceTree = "<group>";
		};
		B60FCABA2A73F95D009BC2B7 /* Products */ = {
			isa = PBXGroup;
			children = (
				B60FCAB92A73F95D009BC2B7 /* WeatherForecastSwiftUI.app */,
			);
			name = Products;
			sourceTree = "<group>";
		};
		B60FCABB2A73F95D009BC2B7 /* WeatherForecastSwiftUI */ = {
			isa = PBXGroup;
			children = (
				B6E540672A7AF938001DCD53 /* ModelView */,
				B6E540662A7AF929001DCD53 /* VIew */,
				B673DC3A2A7821D300383CF8 /* DataService */,
				B664DCE02A77F6A5004D9373 /* RealmModel */,
				B6B6D38A2A76E05E00C22102 /* APIModel */,
				B654132A2A7445DE008E44E3 /* Utilities */,
				B60FCABC2A73F95D009BC2B7 /* WeatherForecastSwiftUIApp.swift */,
				B60FCAC02A73F967009BC2B7 /* Assets.xcassets */,
				B60FCAC22A73F967009BC2B7 /* Preview Content */,
			);
			path = WeatherForecastSwiftUI;
			sourceTree = "<group>";
		};
		B60FCAC22A73F967009BC2B7 /* Preview Content */ = {
			isa = PBXGroup;
			children = (
				B60FCAC32A73F967009BC2B7 /* Preview Assets.xcassets */,
			);
			path = "Preview Content";
			sourceTree = "<group>";
		};
		B654132A2A7445DE008E44E3 /* Utilities */ = {
			isa = PBXGroup;
			children = (
				B654132B2A744601008E44E3 /* WeatherDataFormatter.swift */,
				B664DCDE2A77F63D004D9373 /* RealmManager.swift */,
			);
			path = Utilities;
			sourceTree = "<group>";
		};
		B664DCE02A77F6A5004D9373 /* RealmModel */ = {
			isa = PBXGroup;
			children = (
				B664DCE12A77F6BC004D9373 /* City.swift */,
			);
			path = RealmModel;
			sourceTree = "<group>";
		};
		B673DC3A2A7821D300383CF8 /* DataService */ = {
			isa = PBXGroup;
			children = (
				B65413242A743B55008E44E3 /* API.swift */,
				B65413262A743B64008E44E3 /* APIClient.swift */,
			);
			path = DataService;
			sourceTree = "<group>";
		};
		B6B6D38A2A76E05E00C22102 /* APIModel */ = {
			isa = PBXGroup;
			children = (
				B65413282A743D60008E44E3 /* WeatherModel.swift */,
				B6B6D38B2A76E07800C22102 /* CityModel.swift */,
			);
			path = APIModel;
			sourceTree = "<group>";
		};
		B6E540662A7AF929001DCD53 /* VIew */ = {
			isa = PBXGroup;
			children = (
				B60FCABE2A73F95D009BC2B7 /* ContentView.swift */,
				B686F71A2A7687D200A03D1E /* CitiesListView.swift */,
				B686F71C2A76C63A00A03D1E /* NewCityView.swift */,
			);
			path = VIew;
			sourceTree = "<group>";
		};
		B6E540672A7AF938001DCD53 /* ModelView */ = {
			isa = PBXGroup;
			children = (
				B6E540682A7AF970001DCD53 /* MainViewModel.swift */,
				B6E5406A2A7AF980001DCD53 /* CitiesListViewModel.swift */,
				B6E5406C2A7AF991001DCD53 /* NewCityViewModel.swift */,
			);
			path = ModelView;
			sourceTree = "<group>";
		};
/* End PBXGroup section */

/* Begin PBXNativeTarget section */
		B60FCAB82A73F95D009BC2B7 /* WeatherForecastSwiftUI */ = {
			isa = PBXNativeTarget;
			buildConfigurationList = B60FCAC72A73F967009BC2B7 /* Build configuration list for PBXNativeTarget "WeatherForecastSwiftUI" */;
			buildPhases = (
				B60FCAB52A73F95D009BC2B7 /* Sources */,
				B60FCAB62A73F95D009BC2B7 /* Frameworks */,
				B60FCAB72A73F95D009BC2B7 /* Resources */,
			);
			buildRules = (
			);
			dependencies = (
			);
			name = WeatherForecastSwiftUI;
			packageProductDependencies = (
				B65CEA482A74072500FF9CA5 /* Realm */,
				B65CEA4A2A74072500FF9CA5 /* RealmSwift */,
			);
			productName = WeatherForecastSwiftUI;
			productReference = B60FCAB92A73F95D009BC2B7 /* WeatherForecastSwiftUI.app */;
			productType = "com.apple.product-type.application";
		};
/* End PBXNativeTarget section */

/* Begin PBXProject section */
		B60FCAB12A73F95D009BC2B7 /* Project object */ = {
			isa = PBXProject;
			attributes = {
				BuildIndependentTargetsInParallel = 1;
				LastSwiftUpdateCheck = 1420;
				LastUpgradeCheck = 1420;
				TargetAttributes = {
					B60FCAB82A73F95D009BC2B7 = {
						CreatedOnToolsVersion = 14.2;
					};
				};
			};
			buildConfigurationList = B60FCAB42A73F95D009BC2B7 /* Build configuration list for PBXProject "WeatherForecastSwiftUI" */;
			compatibilityVersion = "Xcode 14.0";
			developmentRegion = en;
			hasScannedForEncodings = 0;
			knownRegions = (
				en,
				Base,
			);
			mainGroup = B60FCAB02A73F95D009BC2B7;
			packageReferences = (
				B65CEA472A74072500FF9CA5 /* XCRemoteSwiftPackageReference "realm-swift" */,
			);
			productRefGroup = B60FCABA2A73F95D009BC2B7 /* Products */;
			projectDirPath = "";
			projectRoot = "";
			targets = (
				B60FCAB82A73F95D009BC2B7 /* WeatherForecastSwiftUI */,
			);
		};
/* End PBXProject section */

/* Begin PBXResourcesBuildPhase section */
		B60FCAB72A73F95D009BC2B7 /* Resources */ = {
			isa = PBXResourcesBuildPhase;
			buildActionMask = 2147483647;
			files = (
				B60FCAC42A73F967009BC2B7 /* Preview Assets.xcassets in Resources */,
				B60FCAC12A73F967009BC2B7 /* Assets.xcassets in Resources */,
			);
			runOnlyForDeploymentPostprocessing = 0;
		};
/* End PBXResourcesBuildPhase section */

/* Begin PBXSourcesBuildPhase section */
		B60FCAB52A73F95D009BC2B7 /* Sources */ = {
			isa = PBXSourcesBuildPhase;
			buildActionMask = 2147483647;
			files = (
				B6B6D38C2A76E07800C22102 /* CityModel.swift in Sources */,
				B60FCABF2A73F95D009BC2B7 /* ContentView.swift in Sources */,
				B664DCE22A77F6BC004D9373 /* City.swift in Sources */,
				B664DCDF2A77F63D004D9373 /* RealmManager.swift in Sources */,
				B65413252A743B55008E44E3 /* API.swift in Sources */,
				B60FCABD2A73F95D009BC2B7 /* WeatherForecastSwiftUIApp.swift in Sources */,
				B654132C2A744601008E44E3 /* WeatherDataFormatter.swift in Sources */,
				B65413272A743B64008E44E3 /* APIClient.swift in Sources */,
				B6E5406B2A7AF980001DCD53 /* CitiesListViewModel.swift in Sources */,
				B65413292A743D60008E44E3 /* WeatherModel.swift in Sources */,
				B6E5406D2A7AF991001DCD53 /* NewCityViewModel.swift in Sources */,
				B686F71D2A76C63A00A03D1E /* NewCityView.swift in Sources */,
				B686F71B2A7687D200A03D1E /* CitiesListView.swift in Sources */,
				B6E540692A7AF970001DCD53 /* MainViewModel.swift in Sources */,
			);
			runOnlyForDeploymentPostprocessing = 0;
		};
/* End PBXSourcesBuildPhase section */

/* Begin XCBuildConfiguration section */
		B60FCAC52A73F967009BC2B7 /* Debug */ = {
			isa = XCBuildConfiguration;
			buildSettings = {
				ALWAYS_SEARCH_USER_PATHS = NO;
				CLANG_ANALYZER_NONNULL = YES;
				CLANG_ANALYZER_NUMBER_OBJECT_CONVERSION = YES_AGGRESSIVE;
				CLANG_CXX_LANGUAGE_STANDARD = "gnu++20";
				CLANG_ENABLE_MODULES = YES;
				CLANG_ENABLE_OBJC_ARC = YES;
				CLANG_ENABLE_OBJC_WEAK = YES;
				CLANG_WARN_BLOCK_CAPTURE_AUTORELEASING = YES;
				CLANG_WARN_BOOL_CONVERSION = YES;
				CLANG_WARN_COMMA = YES;
				CLANG_WARN_CONSTANT_CONVERSION = YES;
				CLANG_WARN_DEPRECATED_OBJC_IMPLEMENTATIONS = YES;
				CLANG_WARN_DIRECT_OBJC_ISA_USAGE = YES_ERROR;
				CLANG_WARN_DOCUMENTATION_COMMENTS = YES;
				CLANG_WARN_EMPTY_BODY = YES;
				CLANG_WARN_ENUM_CONVERSION = YES;
				CLANG_WARN_INFINITE_RECURSION = YES;
				CLANG_WARN_INT_CONVERSION = YES;
				CLANG_WARN_NON_LITERAL_NULL_CONVERSION = YES;
				CLANG_WARN_OBJC_IMPLICIT_RETAIN_SELF = YES;
				CLANG_WARN_OBJC_LITERAL_CONVERSION = YES;
				CLANG_WARN_OBJC_ROOT_CLASS = YES_ERROR;
				CLANG_WARN_QUOTED_INCLUDE_IN_FRAMEWORK_HEADER = YES;
				CLANG_WARN_RANGE_LOOP_ANALYSIS = YES;
				CLANG_WARN_STRICT_PROTOTYPES = YES;
				CLANG_WARN_SUSPICIOUS_MOVE = YES;
				CLANG_WARN_UNGUARDED_AVAILABILITY = YES_AGGRESSIVE;
				CLANG_WARN_UNREACHABLE_CODE = YES;
				CLANG_WARN__DUPLICATE_METHOD_MATCH = YES;
				COPY_PHASE_STRIP = NO;
				DEBUG_INFORMATION_FORMAT = dwarf;
				ENABLE_STRICT_OBJC_MSGSEND = YES;
				ENABLE_TESTABILITY = YES;
				GCC_C_LANGUAGE_STANDARD = gnu11;
				GCC_DYNAMIC_NO_PIC = NO;
				GCC_NO_COMMON_BLOCKS = YES;
				GCC_OPTIMIZATION_LEVEL = 0;
				GCC_PREPROCESSOR_DEFINITIONS = (
					"DEBUG=1",
					"$(inherited)",
				);
				GCC_WARN_64_TO_32_BIT_CONVERSION = YES;
				GCC_WARN_ABOUT_RETURN_TYPE = YES_ERROR;
				GCC_WARN_UNDECLARED_SELECTOR = YES;
				GCC_WARN_UNINITIALIZED_AUTOS = YES_AGGRESSIVE;
				GCC_WARN_UNUSED_FUNCTION = YES;
				GCC_WARN_UNUSED_VARIABLE = YES;
				IPHONEOS_DEPLOYMENT_TARGET = 16.2;
				MTL_ENABLE_DEBUG_INFO = INCLUDE_SOURCE;
				MTL_FAST_MATH = YES;
				ONLY_ACTIVE_ARCH = YES;
				SDKROOT = iphoneos;
				SWIFT_ACTIVE_COMPILATION_CONDITIONS = DEBUG;
				SWIFT_OPTIMIZATION_LEVEL = "-Onone";
			};
			name = Debug;
		};
		B60FCAC62A73F967009BC2B7 /* Release */ = {
			isa = XCBuildConfiguration;
			buildSettings = {
				ALWAYS_SEARCH_USER_PATHS = NO;
				CLANG_ANALYZER_NONNULL = YES;
				CLANG_ANALYZER_NUMBER_OBJECT_CONVERSION = YES_AGGRESSIVE;
				CLANG_CXX_LANGUAGE_STANDARD = "gnu++20";
				CLANG_ENABLE_MODULES = YES;
				CLANG_ENABLE_OBJC_ARC = YES;
				CLANG_ENABLE_OBJC_WEAK = YES;
				CLANG_WARN_BLOCK_CAPTURE_AUTORELEASING = YES;
				CLANG_WARN_BOOL_CONVERSION = YES;
				CLANG_WARN_COMMA = YES;
				CLANG_WARN_CONSTANT_CONVERSION = YES;
				CLANG_WARN_DEPRECATED_OBJC_IMPLEMENTATIONS = YES;
				CLANG_WARN_DIRECT_OBJC_ISA_USAGE = YES_ERROR;
				CLANG_WARN_DOCUMENTATION_COMMENTS = YES;
				CLANG_WARN_EMPTY_BODY = YES;
				CLANG_WARN_ENUM_CONVERSION = YES;
				CLANG_WARN_INFINITE_RECURSION = YES;
				CLANG_WARN_INT_CONVERSION = YES;
				CLANG_WARN_NON_LITERAL_NULL_CONVERSION = YES;
				CLANG_WARN_OBJC_IMPLICIT_RETAIN_SELF = YES;
				CLANG_WARN_OBJC_LITERAL_CONVERSION = YES;
				CLANG_WARN_OBJC_ROOT_CLASS = YES_ERROR;
				CLANG_WARN_QUOTED_INCLUDE_IN_FRAMEWORK_HEADER = YES;
				CLANG_WARN_RANGE_LOOP_ANALYSIS = YES;
				CLANG_WARN_STRICT_PROTOTYPES = YES;
				CLANG_WARN_SUSPICIOUS_MOVE = YES;
				CLANG_WARN_UNGUARDED_AVAILABILITY = YES_AGGRESSIVE;
				CLANG_WARN_UNREACHABLE_CODE = YES;
				CLANG_WARN__DUPLICATE_METHOD_MATCH = YES;
				COPY_PHASE_STRIP = NO;
				DEBUG_INFORMATION_FORMAT = "dwarf-with-dsym";
				ENABLE_NS_ASSERTIONS = NO;
				ENABLE_STRICT_OBJC_MSGSEND = YES;
				GCC_C_LANGUAGE_STANDARD = gnu11;
				GCC_NO_COMMON_BLOCKS = YES;
				GCC_WARN_64_TO_32_BIT_CONVERSION = YES;
				GCC_WARN_ABOUT_RETURN_TYPE = YES_ERROR;
				GCC_WARN_UNDECLARED_SELECTOR = YES;
				GCC_WARN_UNINITIALIZED_AUTOS = YES_AGGRESSIVE;
				GCC_WARN_UNUSED_FUNCTION = YES;
				GCC_WARN_UNUSED_VARIABLE = YES;
				IPHONEOS_DEPLOYMENT_TARGET = 16.2;
				MTL_ENABLE_DEBUG_INFO = NO;
				MTL_FAST_MATH = YES;
				SDKROOT = iphoneos;
				SWIFT_COMPILATION_MODE = wholemodule;
				SWIFT_OPTIMIZATION_LEVEL = "-O";
				VALIDATE_PRODUCT = YES;
			};
			name = Release;
		};
		B60FCAC82A73F967009BC2B7 /* Debug */ = {
			isa = XCBuildConfiguration;
			buildSettings = {
				ASSETCATALOG_COMPILER_APPICON_NAME = AppIcon;
				ASSETCATALOG_COMPILER_GLOBAL_ACCENT_COLOR_NAME = AccentColor;
				CODE_SIGN_STYLE = Automatic;
				CURRENT_PROJECT_VERSION = 1;
				DEVELOPMENT_ASSET_PATHS = "\"WeatherForecastSwiftUI/Preview Content\"";
				ENABLE_PREVIEWS = YES;
				GENERATE_INFOPLIST_FILE = YES;
				INFOPLIST_KEY_NSLocationWhenInUseUsageDescription = "You need to give access to your current location";
				INFOPLIST_KEY_UIApplicationSceneManifest_Generation = YES;
				INFOPLIST_KEY_UIApplicationSupportsIndirectInputEvents = YES;
				INFOPLIST_KEY_UILaunchScreen_Generation = YES;
				INFOPLIST_KEY_UISupportedInterfaceOrientations_iPad = "UIInterfaceOrientationPortrait UIInterfaceOrientationPortraitUpsideDown UIInterfaceOrientationLandscapeLeft UIInterfaceOrientationLandscapeRight";
				INFOPLIST_KEY_UISupportedInterfaceOrientations_iPhone = "UIInterfaceOrientationPortrait UIInterfaceOrientationLandscapeLeft UIInterfaceOrientationLandscapeRight";
				LD_RUNPATH_SEARCH_PATHS = (
					"$(inherited)",
					"@executable_path/Frameworks",
				);
				MARKETING_VERSION = 1.0;
				PRODUCT_BUNDLE_IDENTIFIER = a.WeatherForecastSwiftUI;
				PRODUCT_NAME = "$(TARGET_NAME)";
				SWIFT_EMIT_LOC_STRINGS = YES;
				SWIFT_VERSION = 5.0;
				TARGETED_DEVICE_FAMILY = "1,2";
			};
			name = Debug;
		};
		B60FCAC92A73F967009BC2B7 /* Release */ = {
			isa = XCBuildConfiguration;
			buildSettings = {
				ASSETCATALOG_COMPILER_APPICON_NAME = AppIcon;
				ASSETCATALOG_COMPILER_GLOBAL_ACCENT_COLOR_NAME = AccentColor;
				CODE_SIGN_STYLE = Automatic;
				CURRENT_PROJECT_VERSION = 1;
				DEVELOPMENT_ASSET_PATHS = "\"WeatherForecastSwiftUI/Preview Content\"";
				ENABLE_PREVIEWS = YES;
				GENERATE_INFOPLIST_FILE = YES;
				INFOPLIST_KEY_NSLocationWhenInUseUsageDescription = "You need to give access to your current location";
				INFOPLIST_KEY_UIApplicationSceneManifest_Generation = YES;
				INFOPLIST_KEY_UIApplicationSupportsIndirectInputEvents = YES;
				INFOPLIST_KEY_UILaunchScreen_Generation = YES;
				INFOPLIST_KEY_UISupportedInterfaceOrientations_iPad = "UIInterfaceOrientationPortrait UIInterfaceOrientationPortraitUpsideDown UIInterfaceOrientationLandscapeLeft UIInterfaceOrientationLandscapeRight";
				INFOPLIST_KEY_UISupportedInterfaceOrientations_iPhone = "UIInterfaceOrientationPortrait UIInterfaceOrientationLandscapeLeft UIInterfaceOrientationLandscapeRight";
				LD_RUNPATH_SEARCH_PATHS = (
					"$(inherited)",
					"@executable_path/Frameworks",
				);
				MARKETING_VERSION = 1.0;
				PRODUCT_BUNDLE_IDENTIFIER = a.WeatherForecastSwiftUI;
				PRODUCT_NAME = "$(TARGET_NAME)";
				SWIFT_EMIT_LOC_STRINGS = YES;
				SWIFT_VERSION = 5.0;
				TARGETED_DEVICE_FAMILY = "1,2";
			};
			name = Release;
		};
/* End XCBuildConfiguration section */

/* Begin XCConfigurationList section */
		B60FCAB42A73F95D009BC2B7 /* Build configuration list for PBXProject "WeatherForecastSwiftUI" */ = {
			isa = XCConfigurationList;
			buildConfigurations = (
				B60FCAC52A73F967009BC2B7 /* Debug */,
				B60FCAC62A73F967009BC2B7 /* Release */,
			);
			defaultConfigurationIsVisible = 0;
			defaultConfigurationName = Release;
		};
		B60FCAC72A73F967009BC2B7 /* Build configuration list for PBXNativeTarget "WeatherForecastSwiftUI" */ = {
			isa = XCConfigurationList;
			buildConfigurations = (
				B60FCAC82A73F967009BC2B7 /* Debug */,
				B60FCAC92A73F967009BC2B7 /* Release */,
			);
			defaultConfigurationIsVisible = 0;
			defaultConfigurationName = Release;
		};
/* End XCConfigurationList section */

/* Begin XCRemoteSwiftPackageReference section */
		B65CEA472A74072500FF9CA5 /* XCRemoteSwiftPackageReference "realm-swift" */ = {
			isa = XCRemoteSwiftPackageReference;
			repositoryURL = "https://github.com/realm/realm-swift";
			requirement = {
				branch = master;
				kind = branch;
			};
		};
/* End XCRemoteSwiftPackageReference section */

/* Begin XCSwiftPackageProductDependency section */
		B65CEA482A74072500FF9CA5 /* Realm */ = {
			isa = XCSwiftPackageProductDependency;
			package = B65CEA472A74072500FF9CA5 /* XCRemoteSwiftPackageReference "realm-swift" */;
			productName = Realm;
		};
		B65CEA4A2A74072500FF9CA5 /* RealmSwift */ = {
			isa = XCSwiftPackageProductDependency;
			package = B65CEA472A74072500FF9CA5 /* XCRemoteSwiftPackageReference "realm-swift" */;
			productName = RealmSwift;
		};
/* End XCSwiftPackageProductDependency section */
	};
	rootObject = B60FCAB12A73F95D009BC2B7 /* Project object */;
}
